
Microsoft Visual Studio Solution File, Format Version 12.00
# Visual Studio Version 17
VisualStudioVersion = 17.7.34031.279
MinimumVisualStudioVersion = 10.0.40219.1
Project("{FAE04EC0-301F-11D3-BF4B-00C04F79EFBC}") = "winform_SMS", "winform_SMS\winform_SMS.csproj", "{19AEEE13-2CEC-453C-92C0-9E63EDCBB492}"
EndProject
Global
	GlobalSection(SolutionConfigurationPlatforms) = preSolution
		Debug|Any CPU = Debug|Any CPU
		Release|Any CPU = Release|Any CPU
	EndGlobalSection
	GlobalSection(ProjectConfigurationPlatforms) = postSolution
		{19AEEE13-2CEC-453C-92C0-9E63EDCBB492}.Debug|Any CPU.ActiveCfg = Debug|Any CPU
		{19AEEE13-2CEC-453C-92C0-9E63EDCBB492}.Debug|Any CPU.Build.0 = Debug|Any CPU
		{19AEEE13-2CEC-453C-92C0-9E63EDCBB492}.Release|Any CPU.ActiveCfg = Release|Any CPU
		{19AEEE13-2CEC-453C-92C0-9E63EDCBB492}.Release|Any CPU.Build.0 = Release|Any CPU
	EndGlobalSection
	GlobalSection(SolutionProperties) = preSolution
		HideSolutionNode = FALSE
	EndGlobalSection
	GlobalSection(ExtensibilityGlobals) = postSolution
		SolutionGuid = {A7EA668A-2FE3-4E64-B350-BE93F9F78D45}
	EndGlobalSection
EndGlobal
